
Microsoft Visual Studio Solution File, Format Version 12.00
# Visual Studio Version 17
VisualStudioVersion = 17.9.34701.34
MinimumVisualStudioVersion = 10.0.40219.1
Project("{FAE04EC0-301F-11D3-BF4B-00C04F79EFBC}") = "Calculations", "Calculations.csproj", "{C3539A39-DC35-40E3-8415-7CD205867E0A}"
EndProject
Project("{FAE04EC0-301F-11D3-BF4B-00C04F79EFBC}") = "CalculationsTests", "..\CalculationsTests\CalculationsTests.csproj", "{1196AEEE-4D1B-4C18-9B19-9665BC101368}"
EndProject
Global
	GlobalSection(SolutionConfigurationPlatforms) = preSolution
		Debug|Any CPU = Debug|Any CPU
		Release|Any CPU = Release|Any CPU
	EndGlobalSection
	GlobalSection(ProjectConfigurationPlatforms) = postSolution
		{C3539A39-DC35-40E3-8415-7CD205867E0A}.Debug|Any CPU.ActiveCfg = Debug|Any CPU
		{C3539A39-DC35-40E3-8415-7CD205867E0A}.Debug|Any CPU.Build.0 = Debug|Any CPU
		{C3539A39-DC35-40E3-8415-7CD205867E0A}.Release|Any CPU.ActiveCfg = Release|Any CPU
		{C3539A39-DC35-40E3-8415-7CD205867E0A}.Release|Any CPU.Build.0 = Release|Any CPU
		{1196AEEE-4D1B-4C18-9B19-9665BC101368}.Debug|Any CPU.ActiveCfg = Debug|Any CPU
		{1196AEEE-4D1B-4C18-9B19-9665BC101368}.Debug|Any CPU.Build.0 = Debug|Any CPU
		{1196AEEE-4D1B-4C18-9B19-9665BC101368}.Release|Any CPU.ActiveCfg = Release|Any CPU
		{1196AEEE-4D1B-4C18-9B19-9665BC101368}.Release|Any CPU.Build.0 = Release|Any CPU
	EndGlobalSection
	GlobalSection(SolutionProperties) = preSolution
		HideSolutionNode = FALSE
	EndGlobalSection
	GlobalSection(ExtensibilityGlobals) = postSolution
		SolutionGuid = {55CAA621-B014-41A8-87FE-AEB3EFB92A54}
	EndGlobalSection
EndGlobal
