
Microsoft Visual Studio Solution File, Format Version 12.00
# Visual Studio Version 17
VisualStudioVersion = 17.9.34701.34
MinimumVisualStudioVersion = 10.0.40219.1
Project("{FAE04EC0-301F-11D3-BF4B-00C04F79EFBC}") = "BowlingGame", "BowlingGame.csproj", "{C7E447C0-24E7-467F-A6D3-2E40DB1147BF}"
EndProject
Global
	GlobalSection(SolutionConfigurationPlatforms) = preSolution
		Debug|Any CPU = Debug|Any CPU
		Release|Any CPU = Release|Any CPU
	EndGlobalSection
	GlobalSection(ProjectConfigurationPlatforms) = postSolution
		{C7E447C0-24E7-467F-A6D3-2E40DB1147BF}.Debug|Any CPU.ActiveCfg = Debug|Any CPU
		{C7E447C0-24E7-467F-A6D3-2E40DB1147BF}.Debug|Any CPU.Build.0 = Debug|Any CPU
		{C7E447C0-24E7-467F-A6D3-2E40DB1147BF}.Release|Any CPU.ActiveCfg = Release|Any CPU
		{C7E447C0-24E7-467F-A6D3-2E40DB1147BF}.Release|Any CPU.Build.0 = Release|Any CPU
	EndGlobalSection
	GlobalSection(SolutionProperties) = preSolution
		HideSolutionNode = FALSE
	EndGlobalSection
	GlobalSection(ExtensibilityGlobals) = postSolution
		SolutionGuid = {D77547D8-2C33-4037-8013-69E8B0BE9A0C}
	EndGlobalSection
EndGlobal
